// !$*UTF8*$!
{
	archiveVersion = 1;
	classes = {
	};
	objectVersion = 46;
	objects = {

/* Begin PBXBuildFile section */
		C571B4D21A7188A20000AAFD /* LaunchScreen.xib in Resources */ = {isa = PBXBuildFile; fileRef = C571B4C51A7188A20000AAFD /* LaunchScreen.xib */; };
		C571B4D31A7188A20000AAFD /* Main.storyboard in Resources */ = {isa = PBXBuildFile; fileRef = C571B4C61A7188A20000AAFD /* Main.storyboard */; };
		C571B4D41A7188A20000AAFD /* main.m in Sources */ = {isa = PBXBuildFile; fileRef = C571B4C81A7188A20000AAFD /* main.m */; };
		C571B4D61A7188A20000AAFD /* Info.plist in Resources */ = {isa = PBXBuildFile; fileRef = C571B4D11A7188A20000AAFD /* Info.plist */; };
		C571B4DA1A7188AF0000AAFD /* Images.xcassets in Resources */ = {isa = PBXBuildFile; fileRef = C571B4D81A7188AF0000AAFD /* Images.xcassets */; };
		C571B4E21A718A8C0000AAFD /* AVTestVC.m in Sources */ = {isa = PBXBuildFile; fileRef = C571B4E11A718A8C0000AAFD /* AVTestVC.m */; };
		C571B4E61A718B0B0000AAFD /* AppDelegate.m in Sources */ = {isa = PBXBuildFile; fileRef = C571B4E51A718B0B0000AAFD /* AppDelegate.m */; };
		C57928701A717F0E00367993 /* AVMultipeerConnectivyTests.m in Sources */ = {isa = PBXBuildFile; fileRef = C579286F1A717F0E00367993 /* AVMultipeerConnectivyTests.m */; };
/* End PBXBuildFile section */

/* Begin PBXContainerItemProxy section */
		C579286A1A717F0E00367993 /* PBXContainerItemProxy */ = {
			isa = PBXContainerItemProxy;
			containerPortal = C57928481A717F0E00367993 /* Project object */;
			proxyType = 1;
			remoteGlobalIDString = C579284F1A717F0E00367993;
			remoteInfo = AVMultipeerConnectivy;
		};
/* End PBXContainerItemProxy section */

/* Begin PBXFileReference section */
		C571B4C51A7188A20000AAFD /* LaunchScreen.xib */ = {isa = PBXFileReference; fileEncoding = 4; lastKnownFileType = file.xib; path = LaunchScreen.xib; sourceTree = "<group>"; };
		C571B4C61A7188A20000AAFD /* Main.storyboard */ = {isa = PBXFileReference; fileEncoding = 4; lastKnownFileType = file.storyboard; path = Main.storyboard; sourceTree = "<group>"; };
		C571B4C81A7188A20000AAFD /* main.m */ = {isa = PBXFileReference; fileEncoding = 4; lastKnownFileType = sourcecode.c.objc; path = main.m; sourceTree = "<group>"; };
		C571B4D11A7188A20000AAFD /* Info.plist */ = {isa = PBXFileReference; fileEncoding = 4; lastKnownFileType = text.plist.xml; path = Info.plist; sourceTree = "<group>"; };
		C571B4D81A7188AF0000AAFD /* Images.xcassets */ = {isa = PBXFileReference; lastKnownFileType = folder.assetcatalog; path = Images.xcassets; sourceTree = "<group>"; };
		C571B4E01A718A8C0000AAFD /* AVTestVC.h */ = {isa = PBXFileReference; fileEncoding = 4; lastKnownFileType = sourcecode.c.h; path = AVTestVC.h; sourceTree = "<group>"; };
		C571B4E11A718A8C0000AAFD /* AVTestVC.m */ = {isa = PBXFileReference; fileEncoding = 4; lastKnownFileType = sourcecode.c.objc; path = AVTestVC.m; sourceTree = "<group>"; };
		C571B4E41A718B0B0000AAFD /* AppDelegate.h */ = {isa = PBXFileReference; fileEncoding = 4; lastKnownFileType = sourcecode.c.h; path = AppDelegate.h; sourceTree = "<group>"; };
		C571B4E51A718B0B0000AAFD /* AppDelegate.m */ = {isa = PBXFileReference; fileEncoding = 4; lastKnownFileType = sourcecode.c.objc; path = AppDelegate.m; sourceTree = "<group>"; };
		C57928501A717F0E00367993 /* AVMultipeerConnectivy.app */ = {isa = PBXFileReference; explicitFileType = wrapper.application; includeInIndex = 0; path = AVMultipeerConnectivy.app; sourceTree = BUILT_PRODUCTS_DIR; };
		C57928691A717F0E00367993 /* AVMultipeerConnectivyTests.xctest */ = {isa = PBXFileReference; explicitFileType = wrapper.cfbundle; includeInIndex = 0; path = AVMultipeerConnectivyTests.xctest; sourceTree = BUILT_PRODUCTS_DIR; };
		C579286E1A717F0E00367993 /* Info.plist */ = {isa = PBXFileReference; lastKnownFileType = text.plist.xml; path = Info.plist; sourceTree = "<group>"; };
		C579286F1A717F0E00367993 /* AVMultipeerConnectivyTests.m */ = {isa = PBXFileReference; lastKnownFileType = sourcecode.c.objc; path = AVMultipeerConnectivyTests.m; sourceTree = "<group>"; };
/* End PBXFileReference section */

/* Begin PBXFrameworksBuildPhase section */
		C579284D1A717F0E00367993 /* Frameworks */ = {
			isa = PBXFrameworksBuildPhase;
			buildActionMask = 2147483647;
			files = (
			);
			runOnlyForDeploymentPostprocessing = 0;
		};
		C57928661A717F0E00367993 /* Frameworks */ = {
			isa = PBXFrameworksBuildPhase;
			buildActionMask = 2147483647;
			files = (
			);
			runOnlyForDeploymentPostprocessing = 0;
		};
/* End PBXFrameworksBuildPhase section */

/* Begin PBXGroup section */
		C571B4C21A7188A20000AAFD /* Modules */ = {
			isa = PBXGroup;
			children = (
				C571B4C31A7188A20000AAFD /* iPad */,
				C571B4C41A7188A20000AAFD /* iPhone */,
			);
			path = Modules;
			sourceTree = "<group>";
		};
		C571B4C31A7188A20000AAFD /* iPad */ = {
			isa = PBXGroup;
			children = (
			);
			path = iPad;
			sourceTree = "<group>";
		};
		C571B4C41A7188A20000AAFD /* iPhone */ = {
			isa = PBXGroup;
			children = (
				C571B4DF1A718A8C0000AAFD /* AVTestVC */,
				C571B4C51A7188A20000AAFD /* LaunchScreen.xib */,
				C571B4C61A7188A20000AAFD /* Main.storyboard */,
			);
			path = iPhone;
			sourceTree = "<group>";
		};
		C571B4C71A7188A20000AAFD /* Other sources */ = {
			isa = PBXGroup;
			children = (
				C571B4C81A7188A20000AAFD /* main.m */,
			);
			path = "Other sources";
			sourceTree = "<group>";
		};
		C571B4C91A7188A20000AAFD /* Shared */ = {
			isa = PBXGroup;
			children = (
				C571B4CD1A7188A20000AAFD /* Library */,
				C571B4CE1A7188A20000AAFD /* Models */,
				C571B4CF1A7188A20000AAFD /* Support */,
			);
			path = Shared;
			sourceTree = "<group>";
		};
		C571B4CD1A7188A20000AAFD /* Library */ = {
			isa = PBXGroup;
			children = (
			);
			path = Library;
			sourceTree = "<group>";
		};
		C571B4CE1A7188A20000AAFD /* Models */ = {
			isa = PBXGroup;
			children = (
			);
			path = Models;
			sourceTree = "<group>";
		};
		C571B4CF1A7188A20000AAFD /* Support */ = {
			isa = PBXGroup;
			children = (
			);
			path = Support;
			sourceTree = "<group>";
		};
		C571B4D01A7188A20000AAFD /* Supporting files */ = {
			isa = PBXGroup;
			children = (
				C571B4D11A7188A20000AAFD /* Info.plist */,
			);
			path = "Supporting files";
			sourceTree = "<group>";
		};
		C571B4D71A7188AF0000AAFD /* Resources */ = {
			isa = PBXGroup;
			children = (
				C571B4D81A7188AF0000AAFD /* Images.xcassets */,
			);
			path = Resources;
			sourceTree = "<group>";
		};
		C571B4D91A7188AF0000AAFD /* Vendor */ = {
			isa = PBXGroup;
			children = (
			);
			path = Vendor;
			sourceTree = "<group>";
		};
		C571B4DF1A718A8C0000AAFD /* AVTestVC */ = {
			isa = PBXGroup;
			children = (
				C571B4E01A718A8C0000AAFD /* AVTestVC.h */,
				C571B4E11A718A8C0000AAFD /* AVTestVC.m */,
			);
			path = AVTestVC;
			sourceTree = "<group>";
		};
		C571B4E31A718B0B0000AAFD /* Application */ = {
			isa = PBXGroup;
			children = (
				C571B4E41A718B0B0000AAFD /* AppDelegate.h */,
				C571B4E51A718B0B0000AAFD /* AppDelegate.m */,
			);
			path = Application;
			sourceTree = "<group>";
		};
		C57928471A717F0E00367993 = {
			isa = PBXGroup;
			children = (
				C57928521A717F0E00367993 /* AVMultipeerConnectivy */,
				C579286C1A717F0E00367993 /* AVMultipeerConnectivyTests */,
				C571B4D71A7188AF0000AAFD /* Resources */,
				C571B4D91A7188AF0000AAFD /* Vendor */,
				C57928511A717F0E00367993 /* Products */,
			);
			sourceTree = "<group>";
		};
		C57928511A717F0E00367993 /* Products */ = {
			isa = PBXGroup;
			children = (
				C57928501A717F0E00367993 /* AVMultipeerConnectivy.app */,
				C57928691A717F0E00367993 /* AVMultipeerConnectivyTests.xctest */,
			);
			name = Products;
			sourceTree = "<group>";
		};
		C57928521A717F0E00367993 /* AVMultipeerConnectivy */ = {
			isa = PBXGroup;
			children = (
				C571B4E31A718B0B0000AAFD /* Application */,
				C571B4C21A7188A20000AAFD /* Modules */,
				C571B4C91A7188A20000AAFD /* Shared */,
				C571B4D01A7188A20000AAFD /* Supporting files */,
				C571B4C71A7188A20000AAFD /* Other sources */,
			);
			path = AVMultipeerConnectivy;
			sourceTree = "<group>";
		};
		C579286C1A717F0E00367993 /* AVMultipeerConnectivyTests */ = {
			isa = PBXGroup;
			children = (
				C579286F1A717F0E00367993 /* AVMultipeerConnectivyTests.m */,
				C579286D1A717F0E00367993 /* Supporting Files */,
			);
			path = AVMultipeerConnectivyTests;
			sourceTree = "<group>";
		};
		C579286D1A717F0E00367993 /* Supporting Files */ = {
			isa = PBXGroup;
			children = (
				C579286E1A717F0E00367993 /* Info.plist */,
			);
			name = "Supporting Files";
			sourceTree = "<group>";
		};
/* End PBXGroup section */

/* Begin PBXNativeTarget section */
		C579284F1A717F0E00367993 /* AVMultipeerConnectivy */ = {
			isa = PBXNativeTarget;
			buildConfigurationList = C57928731A717F0E00367993 /* Build configuration list for PBXNativeTarget "AVMultipeerConnectivy" */;
			buildPhases = (
				C579284C1A717F0E00367993 /* Sources */,
				C579284D1A717F0E00367993 /* Frameworks */,
				C579284E1A717F0E00367993 /* Resources */,
			);
			buildRules = (
			);
			dependencies = (
			);
			name = AVMultipeerConnectivy;
			productName = AVMultipeerConnectivy;
			productReference = C57928501A717F0E00367993 /* AVMultipeerConnectivy.app */;
			productType = "com.apple.product-type.application";
		};
		C57928681A717F0E00367993 /* AVMultipeerConnectivyTests */ = {
			isa = PBXNativeTarget;
			buildConfigurationList = C57928761A717F0E00367993 /* Build configuration list for PBXNativeTarget "AVMultipeerConnectivyTests" */;
			buildPhases = (
				C57928651A717F0E00367993 /* Sources */,
				C57928661A717F0E00367993 /* Frameworks */,
				C57928671A717F0E00367993 /* Resources */,
			);
			buildRules = (
			);
			dependencies = (
				C579286B1A717F0E00367993 /* PBXTargetDependency */,
			);
			name = AVMultipeerConnectivyTests;
			productName = AVMultipeerConnectivyTests;
			productReference = C57928691A717F0E00367993 /* AVMultipeerConnectivyTests.xctest */;
			productType = "com.apple.product-type.bundle.unit-test";
		};
/* End PBXNativeTarget section */

/* Begin PBXProject section */
		C57928481A717F0E00367993 /* Project object */ = {
			isa = PBXProject;
			attributes = {
				LastUpgradeCheck = 0610;
				ORGANIZATIONNAME = "Aleksander Vdovichenko";
				TargetAttributes = {
					C579284F1A717F0E00367993 = {
						CreatedOnToolsVersion = 6.1.1;
					};
					C57928681A717F0E00367993 = {
						CreatedOnToolsVersion = 6.1.1;
						TestTargetID = C579284F1A717F0E00367993;
					};
				};
			};
			buildConfigurationList = C579284B1A717F0E00367993 /* Build configuration list for PBXProject "AVMultipeerConnectivy" */;
			compatibilityVersion = "Xcode 3.2";
			developmentRegion = English;
			hasScannedForEncodings = 0;
			knownRegions = (
				en,
				Base,
			);
			mainGroup = C57928471A717F0E00367993;
			productRefGroup = C57928511A717F0E00367993 /* Products */;
			projectDirPath = "";
			projectRoot = "";
			targets = (
				C579284F1A717F0E00367993 /* AVMultipeerConnectivy */,
				C57928681A717F0E00367993 /* AVMultipeerConnectivyTests */,
			);
		};
/* End PBXProject section */

/* Begin PBXResourcesBuildPhase section */
		C579284E1A717F0E00367993 /* Resources */ = {
			isa = PBXResourcesBuildPhase;
			buildActionMask = 2147483647;
			files = (
				C571B4D21A7188A20000AAFD /* LaunchScreen.xib in Resources */,
				C571B4DA1A7188AF0000AAFD /* Images.xcassets in Resources */,
				C571B4D31A7188A20000AAFD /* Main.storyboard in Resources */,
				C571B4D61A7188A20000AAFD /* Info.plist in Resources */,
			);
			runOnlyForDeploymentPostprocessing = 0;
		};
		C57928671A717F0E00367993 /* Resources */ = {
			isa = PBXResourcesBuildPhase;
			buildActionMask = 2147483647;
			files = (
			);
			runOnlyForDeploymentPostprocessing = 0;
		};
/* End PBXResourcesBuildPhase section */

/* Begin PBXSourcesBuildPhase section */
		C579284C1A717F0E00367993 /* Sources */ = {
			isa = PBXSourcesBuildPhase;
			buildActionMask = 2147483647;
			files = (
				C571B4E21A718A8C0000AAFD /* AVTestVC.m in Sources */,
				C571B4D41A7188A20000AAFD /* main.m in Sources */,
				C571B4E61A718B0B0000AAFD /* AppDelegate.m in Sources */,
			);
			runOnlyForDeploymentPostprocessing = 0;
		};
		C57928651A717F0E00367993 /* Sources */ = {
			isa = PBXSourcesBuildPhase;
			buildActionMask = 2147483647;
			files = (
				C57928701A717F0E00367993 /* AVMultipeerConnectivyTests.m in Sources */,
			);
			runOnlyForDeploymentPostprocessing = 0;
		};
/* End PBXSourcesBuildPhase section */

/* Begin PBXTargetDependency section */
		C579286B1A717F0E00367993 /* PBXTargetDependency */ = {
			isa = PBXTargetDependency;
			target = C579284F1A717F0E00367993 /* AVMultipeerConnectivy */;
			targetProxy = C579286A1A717F0E00367993 /* PBXContainerItemProxy */;
		};
/* End PBXTargetDependency section */

/* Begin XCBuildConfiguration section */
		C57928711A717F0E00367993 /* Debug */ = {
			isa = XCBuildConfiguration;
			buildSettings = {
				ALWAYS_SEARCH_USER_PATHS = NO;
				CLANG_CXX_LANGUAGE_STANDARD = "gnu++0x";
				CLANG_CXX_LIBRARY = "libc++";
				CLANG_ENABLE_MODULES = YES;
				CLANG_ENABLE_OBJC_ARC = YES;
				CLANG_WARN_BOOL_CONVERSION = YES;
				CLANG_WARN_CONSTANT_CONVERSION = YES;
				CLANG_WARN_DIRECT_OBJC_ISA_USAGE = YES_ERROR;
				CLANG_WARN_EMPTY_BODY = YES;
				CLANG_WARN_ENUM_CONVERSION = YES;
				CLANG_WARN_INT_CONVERSION = YES;
				CLANG_WARN_OBJC_ROOT_CLASS = YES_ERROR;
				CLANG_WARN_UNREACHABLE_CODE = YES;
				CLANG_WARN__DUPLICATE_METHOD_MATCH = YES;
				"CODE_SIGN_IDENTITY[sdk=iphoneos*]" = "iPhone Developer";
				COPY_PHASE_STRIP = NO;
				ENABLE_STRICT_OBJC_MSGSEND = YES;
				GCC_C_LANGUAGE_STANDARD = gnu99;
				GCC_DYNAMIC_NO_PIC = NO;
				GCC_OPTIMIZATION_LEVEL = 0;
				GCC_PREPROCESSOR_DEFINITIONS = (
					"DEBUG=1",
					"$(inherited)",
				);
				GCC_SYMBOLS_PRIVATE_EXTERN = NO;
				GCC_WARN_64_TO_32_BIT_CONVERSION = YES;
				GCC_WARN_ABOUT_RETURN_TYPE = YES_ERROR;
				GCC_WARN_UNDECLARED_SELECTOR = YES;
				GCC_WARN_UNINITIALIZED_AUTOS = YES_AGGRESSIVE;
				GCC_WARN_UNUSED_FUNCTION = YES;
				GCC_WARN_UNUSED_VARIABLE = YES;
				IPHONEOS_DEPLOYMENT_TARGET = 8.1;
				MTL_ENABLE_DEBUG_INFO = YES;
				ONLY_ACTIVE_ARCH = YES;
				SDKROOT = iphoneos;
				TARGETED_DEVICE_FAMILY = "1,2";
			};
			name = Debug;
		};
		C57928721A717F0E00367993 /* Release */ = {
			isa = XCBuildConfiguration;
			buildSettings = {
				ALWAYS_SEARCH_USER_PATHS = NO;
				CLANG_CXX_LANGUAGE_STANDARD = "gnu++0x";
				CLANG_CXX_LIBRARY = "libc++";
				CLANG_ENABLE_MODULES = YES;
				CLANG_ENABLE_OBJC_ARC = YES;
				CLANG_WARN_BOOL_CONVERSION = YES;
				CLANG_WARN_CONSTANT_CONVERSION = YES;
				CLANG_WARN_DIRECT_OBJC_ISA_USAGE = YES_ERROR;
				CLANG_WARN_EMPTY_BODY = YES;
				CLANG_WARN_ENUM_CONVERSION = YES;
				CLANG_WARN_INT_CONVERSION = YES;
				CLANG_WARN_OBJC_ROOT_CLASS = YES_ERROR;
				CLANG_WARN_UNREACHABLE_CODE = YES;
				CLANG_WARN__DUPLICATE_METHOD_MATCH = YES;
				"CODE_SIGN_IDENTITY[sdk=iphoneos*]" = "iPhone Developer";
				COPY_PHASE_STRIP = YES;
				ENABLE_NS_ASSERTIONS = NO;
				ENABLE_STRICT_OBJC_MSGSEND = YES;
				GCC_C_LANGUAGE_STANDARD = gnu99;
				GCC_WARN_64_TO_32_BIT_CONVERSION = YES;
				GCC_WARN_ABOUT_RETURN_TYPE = YES_ERROR;
				GCC_WARN_UNDECLARED_SELECTOR = YES;
				GCC_WARN_UNINITIALIZED_AUTOS = YES_AGGRESSIVE;
				GCC_WARN_UNUSED_FUNCTION = YES;
				GCC_WARN_UNUSED_VARIABLE = YES;
				IPHONEOS_DEPLOYMENT_TARGET = 8.1;
				MTL_ENABLE_DEBUG_INFO = NO;
				SDKROOT = iphoneos;
				TARGETED_DEVICE_FAMILY = "1,2";
				VALIDATE_PRODUCT = YES;
			};
			name = Release;
		};
		C57928741A717F0E00367993 /* Debug */ = {
			isa = XCBuildConfiguration;
			buildSettings = {
				ASSETCATALOG_COMPILER_APPICON_NAME = AppIcon;
				INFOPLIST_FILE = "$(SRCROOT)/AVMultipeerConnectivy/Supporting files/Info.plist";
				LD_RUNPATH_SEARCH_PATHS = "$(inherited) @executable_path/Frameworks";
				PRODUCT_NAME = "$(TARGET_NAME)";
			};
			name = Debug;
		};
		C57928751A717F0E00367993 /* Release */ = {
			isa = XCBuildConfiguration;
			buildSettings = {
				ASSETCATALOG_COMPILER_APPICON_NAME = AppIcon;
				INFOPLIST_FILE = "$(SRCROOT)/AVMultipeerConnectivy/Supporting files/Info.plist";
				LD_RUNPATH_SEARCH_PATHS = "$(inherited) @executable_path/Frameworks";
				PRODUCT_NAME = "$(TARGET_NAME)";
			};
			name = Release;
		};
		C57928771A717F0E00367993 /* Debug */ = {
			isa = XCBuildConfiguration;
			buildSettings = {
				BUNDLE_LOADER = "$(TEST_HOST)";
				FRAMEWORK_SEARCH_PATHS = (
					"$(SDKROOT)/Developer/Library/Frameworks",
					"$(inherited)",
				);
				GCC_PREPROCESSOR_DEFINITIONS = (
					"DEBUG=1",
					"$(inherited)",
				);
				INFOPLIST_FILE = AVMultipeerConnectivyTests/Info.plist;
				LD_RUNPATH_SEARCH_PATHS = "$(inherited) @executable_path/Frameworks @loader_path/Frameworks";
				PRODUCT_NAME = "$(TARGET_NAME)";
				TEST_HOST = "$(BUILT_PRODUCTS_DIR)/AVMultipeerConnectivy.app/AVMultipeerConnectivy";
			};
			name = Debug;
		};
		C57928781A717F0E00367993 /* Release */ = {
			isa = XCBuildConfiguration;
			buildSettings = {
				BUNDLE_LOADER = "$(TEST_HOST)";
				FRAMEWORK_SEARCH_PATHS = (
					"$(SDKROOT)/Developer/Library/Frameworks",
					"$(inherited)",
				);
				INFOPLIST_FILE = AVMultipeerConnectivyTests/Info.plist;
				LD_RUNPATH_SEARCH_PATHS = "$(inherited) @executable_path/Frameworks @loader_path/Frameworks";
				PRODUCT_NAME = "$(TARGET_NAME)";
				TEST_HOST = "$(BUILT_PRODUCTS_DIR)/AVMultipeerConnectivy.app/AVMultipeerConnectivy";
			};
			name = Release;
		};
/* End XCBuildConfiguration section */

/* Begin XCConfigurationList section */
		C579284B1A717F0E00367993 /* Build configuration list for PBXProject "AVMultipeerConnectivy" */ = {
			isa = XCConfigurationList;
			buildConfigurations = (
				C57928711A717F0E00367993 /* Debug */,
				C57928721A717F0E00367993 /* Release */,
			);
			defaultConfigurationIsVisible = 0;
			defaultConfigurationName = Release;
		};
		C57928731A717F0E00367993 /* Build configuration list for PBXNativeTarget "AVMultipeerConnectivy" */ = {
			isa = XCConfigurationList;
			buildConfigurations = (
				C57928741A717F0E00367993 /* Debug */,
				C57928751A717F0E00367993 /* Release */,
			);
			defaultConfigurationIsVisible = 0;
			defaultConfigurationName = Release;
		};
		C57928761A717F0E00367993 /* Build configuration list for PBXNativeTarget "AVMultipeerConnectivyTests" */ = {
			isa = XCConfigurationList;
			buildConfigurations = (
				C57928771A717F0E00367993 /* Debug */,
				C57928781A717F0E00367993 /* Release */,
			);
			defaultConfigurationIsVisible = 0;
			defaultConfigurationName = Release;
		};
/* End XCConfigurationList section */
	};
	rootObject = C57928481A717F0E00367993 /* Project object */;
}
